
Microsoft Visual Studio Solution File, Format Version 12.00
# Visual Studio Version 17
VisualStudioVersion = 17.3.32901.215
MinimumVisualStudioVersion = 10.0.40219.1
Project("{FAE04EC0-301F-11D3-BF4B-00C04F79EFBC}") = "Ejercicio 1", "Ejercicio 1\Ejercicio 1.csproj", "{D1BF098D-7978-472E-A2EC-CC6CFA78DBF3}"
EndProject
Global
	GlobalSection(SolutionConfigurationPlatforms) = preSolution
		Debug|Any CPU = Debug|Any CPU
		Release|Any CPU = Release|Any CPU
	EndGlobalSection
	GlobalSection(ProjectConfigurationPlatforms) = postSolution
		{D1BF098D-7978-472E-A2EC-CC6CFA78DBF3}.Debug|Any CPU.ActiveCfg = Debug|Any CPU
		{D1BF098D-7978-472E-A2EC-CC6CFA78DBF3}.Debug|Any CPU.Build.0 = Debug|Any CPU
		{D1BF098D-7978-472E-A2EC-CC6CFA78DBF3}.Release|Any CPU.ActiveCfg = Release|Any CPU
		{D1BF098D-7978-472E-A2EC-CC6CFA78DBF3}.Release|Any CPU.Build.0 = Release|Any CPU
	EndGlobalSection
	GlobalSection(SolutionProperties) = preSolution
		HideSolutionNode = FALSE
	EndGlobalSection
	GlobalSection(ExtensibilityGlobals) = postSolution
		SolutionGuid = {A9795332-9405-4BD8-A0A9-A50C714170DA}
	EndGlobalSection
EndGlobal
