
Microsoft Visual Studio Solution File, Format Version 12.00
# Visual Studio Version 17
VisualStudioVersion = 17.3.32825.248
MinimumVisualStudioVersion = 10.0.40219.1
Project("{FAE04EC0-301F-11D3-BF4B-00C04F79EFBC}") = "ejercicio 4", "ejercicio 4\ejercicio 4.csproj", "{409B79A8-65CC-4BF1-A426-DF90B2864952}"
EndProject
Global
	GlobalSection(SolutionConfigurationPlatforms) = preSolution
		Debug|Any CPU = Debug|Any CPU
		Release|Any CPU = Release|Any CPU
	EndGlobalSection
	GlobalSection(ProjectConfigurationPlatforms) = postSolution
		{409B79A8-65CC-4BF1-A426-DF90B2864952}.Debug|Any CPU.ActiveCfg = Debug|Any CPU
		{409B79A8-65CC-4BF1-A426-DF90B2864952}.Debug|Any CPU.Build.0 = Debug|Any CPU
		{409B79A8-65CC-4BF1-A426-DF90B2864952}.Release|Any CPU.ActiveCfg = Release|Any CPU
		{409B79A8-65CC-4BF1-A426-DF90B2864952}.Release|Any CPU.Build.0 = Release|Any CPU
	EndGlobalSection
	GlobalSection(SolutionProperties) = preSolution
		HideSolutionNode = FALSE
	EndGlobalSection
	GlobalSection(ExtensibilityGlobals) = postSolution
		SolutionGuid = {FA9D2081-430A-421A-91C0-575BD833C889}
	EndGlobalSection
EndGlobal
