
Microsoft Visual Studio Solution File, Format Version 12.00
# Visual Studio Version 17
VisualStudioVersion = 17.3.32901.215
MinimumVisualStudioVersion = 10.0.40219.1
Project("{FAE04EC0-301F-11D3-BF4B-00C04F79EFBC}") = "Ejercicio 6", "Ejercicio 6\Ejercicio 6.csproj", "{57F8B00C-B352-4659-B613-C5D1CB473923}"
EndProject
Global
	GlobalSection(SolutionConfigurationPlatforms) = preSolution
		Debug|Any CPU = Debug|Any CPU
		Release|Any CPU = Release|Any CPU
	EndGlobalSection
	GlobalSection(ProjectConfigurationPlatforms) = postSolution
		{57F8B00C-B352-4659-B613-C5D1CB473923}.Debug|Any CPU.ActiveCfg = Debug|Any CPU
		{57F8B00C-B352-4659-B613-C5D1CB473923}.Debug|Any CPU.Build.0 = Debug|Any CPU
		{57F8B00C-B352-4659-B613-C5D1CB473923}.Release|Any CPU.ActiveCfg = Release|Any CPU
		{57F8B00C-B352-4659-B613-C5D1CB473923}.Release|Any CPU.Build.0 = Release|Any CPU
	EndGlobalSection
	GlobalSection(SolutionProperties) = preSolution
		HideSolutionNode = FALSE
	EndGlobalSection
	GlobalSection(ExtensibilityGlobals) = postSolution
		SolutionGuid = {84DC8026-E5B8-46A3-9F75-00378AB9EEE3}
	EndGlobalSection
EndGlobal
