
Microsoft Visual Studio Solution File, Format Version 12.00
# Visual Studio Version 17
VisualStudioVersion = 17.3.32825.248
MinimumVisualStudioVersion = 10.0.40219.1
Project("{FAE04EC0-301F-11D3-BF4B-00C04F79EFBC}") = "ejercicio10", "ejercicio10\ejercicio10.csproj", "{74E55E1A-3F8F-4CCE-A0E7-FAF948D5E7AB}"
EndProject
Global
	GlobalSection(SolutionConfigurationPlatforms) = preSolution
		Debug|Any CPU = Debug|Any CPU
		Release|Any CPU = Release|Any CPU
	EndGlobalSection
	GlobalSection(ProjectConfigurationPlatforms) = postSolution
		{74E55E1A-3F8F-4CCE-A0E7-FAF948D5E7AB}.Debug|Any CPU.ActiveCfg = Debug|Any CPU
		{74E55E1A-3F8F-4CCE-A0E7-FAF948D5E7AB}.Debug|Any CPU.Build.0 = Debug|Any CPU
		{74E55E1A-3F8F-4CCE-A0E7-FAF948D5E7AB}.Release|Any CPU.ActiveCfg = Release|Any CPU
		{74E55E1A-3F8F-4CCE-A0E7-FAF948D5E7AB}.Release|Any CPU.Build.0 = Release|Any CPU
	EndGlobalSection
	GlobalSection(SolutionProperties) = preSolution
		HideSolutionNode = FALSE
	EndGlobalSection
	GlobalSection(ExtensibilityGlobals) = postSolution
		SolutionGuid = {58ADA50B-0F7F-4E36-819F-74BF003D027F}
	EndGlobalSection
EndGlobal
