
Microsoft Visual Studio Solution File, Format Version 12.00
# Visual Studio Version 17
VisualStudioVersion = 17.3.32901.215
MinimumVisualStudioVersion = 10.0.40219.1
Project("{FAE04EC0-301F-11D3-BF4B-00C04F79EFBC}") = "ConsoleApp2", "ConsoleApp2\ConsoleApp2.csproj", "{37C56B24-BFBF-41F4-9B07-94E80EAB6F42}"
EndProject
Global
	GlobalSection(SolutionConfigurationPlatforms) = preSolution
		Debug|Any CPU = Debug|Any CPU
		Release|Any CPU = Release|Any CPU
	EndGlobalSection
	GlobalSection(ProjectConfigurationPlatforms) = postSolution
		{37C56B24-BFBF-41F4-9B07-94E80EAB6F42}.Debug|Any CPU.ActiveCfg = Debug|Any CPU
		{37C56B24-BFBF-41F4-9B07-94E80EAB6F42}.Debug|Any CPU.Build.0 = Debug|Any CPU
		{37C56B24-BFBF-41F4-9B07-94E80EAB6F42}.Release|Any CPU.ActiveCfg = Release|Any CPU
		{37C56B24-BFBF-41F4-9B07-94E80EAB6F42}.Release|Any CPU.Build.0 = Release|Any CPU
	EndGlobalSection
	GlobalSection(SolutionProperties) = preSolution
		HideSolutionNode = FALSE
	EndGlobalSection
	GlobalSection(ExtensibilityGlobals) = postSolution
		SolutionGuid = {7FCF0896-89BC-4BB4-BA68-0E1DD83DD2D9}
	EndGlobalSection
EndGlobal
